
Microsoft Visual Studio Solution File, Format Version 12.00
# Visual Studio Version 17
VisualStudioVersion = 17.8.34322.80
MinimumVisualStudioVersion = 10.0.40219.1
Project("{FAE04EC0-301F-11D3-BF4B-00C04F79EFBC}") = "Lab16APIRest.Android", "Lab16APIRest\Lab16APIRest.Android\Lab16APIRest.Android.csproj", "{9812E497-119D-469D-9009-4CBC02556BA6}"
EndProject
Project("{FAE04EC0-301F-11D3-BF4B-00C04F79EFBC}") = "Lab16APIRest", "Lab16APIRest\Lab16APIRest\Lab16APIRest.csproj", "{5D22FEAB-DB14-4CC9-A7EF-42EC99A74FD2}"
EndProject
Global
	GlobalSection(SolutionConfigurationPlatforms) = preSolution
		Debug|Any CPU = Debug|Any CPU
		Release|Any CPU = Release|Any CPU
	EndGlobalSection
	GlobalSection(ProjectConfigurationPlatforms) = postSolution
		{9812E497-119D-469D-9009-4CBC02556BA6}.Debug|Any CPU.ActiveCfg = Debug|Any CPU
		{9812E497-119D-469D-9009-4CBC02556BA6}.Debug|Any CPU.Build.0 = Debug|Any CPU
		{9812E497-119D-469D-9009-4CBC02556BA6}.Debug|Any CPU.Deploy.0 = Debug|Any CPU
		{9812E497-119D-469D-9009-4CBC02556BA6}.Release|Any CPU.ActiveCfg = Release|Any CPU
		{9812E497-119D-469D-9009-4CBC02556BA6}.Release|Any CPU.Build.0 = Release|Any CPU
		{9812E497-119D-469D-9009-4CBC02556BA6}.Release|Any CPU.Deploy.0 = Release|Any CPU
		{5D22FEAB-DB14-4CC9-A7EF-42EC99A74FD2}.Debug|Any CPU.ActiveCfg = Debug|Any CPU
		{5D22FEAB-DB14-4CC9-A7EF-42EC99A74FD2}.Debug|Any CPU.Build.0 = Debug|Any CPU
		{5D22FEAB-DB14-4CC9-A7EF-42EC99A74FD2}.Release|Any CPU.ActiveCfg = Release|Any CPU
		{5D22FEAB-DB14-4CC9-A7EF-42EC99A74FD2}.Release|Any CPU.Build.0 = Release|Any CPU
	EndGlobalSection
	GlobalSection(SolutionProperties) = preSolution
		HideSolutionNode = FALSE
	EndGlobalSection
	GlobalSection(ExtensibilityGlobals) = postSolution
		SolutionGuid = {BBBC1DF8-C6B0-4713-9EF7-C5F5B75BE2BF}
	EndGlobalSection
EndGlobal
